
Microsoft Visual Studio Solution File, Format Version 12.00
# Visual Studio 14
VisualStudioVersion = 14.0.25420.1
MinimumVisualStudioVersion = 10.0.40219.1
Project("{8BC9CEB8-8B4A-11D0-8D11-00A0C91BC942}") = "Network", "Network\Network.vcxproj", "{FADD2988-E96A-42EF-9C71-6A8998B88AF0}"
EndProject
Project("{2150E333-8FDC-42A3-9474-1A3956D46DE8}") = "Example", "Example", "{2CEA8272-12BB-4720-A473-D13F6A7A8837}"
EndProject
Project("{8BC9CEB8-8B4A-11D0-8D11-00A0C91BC942}") = "Example", "Example\Example.vcxproj", "{E358D21B-DE0B-4629-9C35-61831E188254}"
EndProject
Global
	GlobalSection(SolutionConfigurationPlatforms) = preSolution
		Debug|x64 = Debug|x64
		Debug|x86 = Debug|x86
		Release|x64 = Release|x64
		Release|x86 = Release|x86
	EndGlobalSection
	GlobalSection(ProjectConfigurationPlatforms) = postSolution
		{FADD2988-E96A-42EF-9C71-6A8998B88AF0}.Debug|x64.ActiveCfg = Debug|x64
		{FADD2988-E96A-42EF-9C71-6A8998B88AF0}.Debug|x64.Build.0 = Debug|x64
		{FADD2988-E96A-42EF-9C71-6A8998B88AF0}.Debug|x86.ActiveCfg = Debug|Win32
		{FADD2988-E96A-42EF-9C71-6A8998B88AF0}.Debug|x86.Build.0 = Debug|Win32
		{FADD2988-E96A-42EF-9C71-6A8998B88AF0}.Release|x64.ActiveCfg = Release|x64
		{FADD2988-E96A-42EF-9C71-6A8998B88AF0}.Release|x64.Build.0 = Release|x64
		{FADD2988-E96A-42EF-9C71-6A8998B88AF0}.Release|x86.ActiveCfg = Release|Win32
		{FADD2988-E96A-42EF-9C71-6A8998B88AF0}.Release|x86.Build.0 = Release|Win32
		{E358D21B-DE0B-4629-9C35-61831E188254}.Debug|x64.ActiveCfg = Debug|x64
		{E358D21B-DE0B-4629-9C35-61831E188254}.Debug|x64.Build.0 = Debug|x64
		{E358D21B-DE0B-4629-9C35-61831E188254}.Debug|x86.ActiveCfg = Debug|Win32
		{E358D21B-DE0B-4629-9C35-61831E188254}.Debug|x86.Build.0 = Debug|Win32
		{E358D21B-DE0B-4629-9C35-61831E188254}.Release|x64.ActiveCfg = Release|x64
		{E358D21B-DE0B-4629-9C35-61831E188254}.Release|x64.Build.0 = Release|x64
		{E358D21B-DE0B-4629-9C35-61831E188254}.Release|x86.ActiveCfg = Release|Win32
		{E358D21B-DE0B-4629-9C35-61831E188254}.Release|x86.Build.0 = Release|Win32
	EndGlobalSection
	GlobalSection(SolutionProperties) = preSolution
		HideSolutionNode = FALSE
	EndGlobalSection
	GlobalSection(NestedProjects) = preSolution
		{E358D21B-DE0B-4629-9C35-61831E188254} = {2CEA8272-12BB-4720-A473-D13F6A7A8837}
	EndGlobalSection
EndGlobal
